
Microsoft Visual Studio Solution File, Format Version 12.00
# Visual Studio Version 16
VisualStudioVersion = 16.0.32407.337
MinimumVisualStudioVersion = 10.0.40219.1
Project("{8BC9CEB8-8B4A-11D0-8D11-00A0C91BC942}") = "CSGO KERNEL HACK", "CSGO KERNEL HACK\CSGO KERNEL HACK.vcxproj", "{97877169-E347-4BE8-ABB0-3C1781DF6ACF}"
EndProject
Global
	GlobalSection(SolutionConfigurationPlatforms) = preSolution
		Debug|ARM = Debug|ARM
		Debug|ARM64 = Debug|ARM64
		Debug|x64 = Debug|x64
		Debug|x86 = Debug|x86
		Release|ARM = Release|ARM
		Release|ARM64 = Release|ARM64
		Release|x64 = Release|x64
		Release|x86 = Release|x86
	EndGlobalSection
	GlobalSection(ProjectConfigurationPlatforms) = postSolution
		{97877169-E347-4BE8-ABB0-3C1781DF6ACF}.Debug|ARM.ActiveCfg = Debug|ARM
		{97877169-E347-4BE8-ABB0-3C1781DF6ACF}.Debug|ARM.Build.0 = Debug|ARM
		{97877169-E347-4BE8-ABB0-3C1781DF6ACF}.Debug|ARM.Deploy.0 = Debug|ARM
		{97877169-E347-4BE8-ABB0-3C1781DF6ACF}.Debug|ARM64.ActiveCfg = Debug|ARM64
		{97877169-E347-4BE8-ABB0-3C1781DF6ACF}.Debug|ARM64.Build.0 = Debug|ARM64
		{97877169-E347-4BE8-ABB0-3C1781DF6ACF}.Debug|ARM64.Deploy.0 = Debug|ARM64
		{97877169-E347-4BE8-ABB0-3C1781DF6ACF}.Debug|x64.ActiveCfg = Debug|x64
		{97877169-E347-4BE8-ABB0-3C1781DF6ACF}.Debug|x64.Build.0 = Debug|x64
		{97877169-E347-4BE8-ABB0-3C1781DF6ACF}.Debug|x64.Deploy.0 = Debug|x64
		{97877169-E347-4BE8-ABB0-3C1781DF6ACF}.Debug|x86.ActiveCfg = Debug|Win32
		{97877169-E347-4BE8-ABB0-3C1781DF6ACF}.Debug|x86.Build.0 = Debug|Win32
		{97877169-E347-4BE8-ABB0-3C1781DF6ACF}.Debug|x86.Deploy.0 = Debug|Win32
		{97877169-E347-4BE8-ABB0-3C1781DF6ACF}.Release|ARM.ActiveCfg = Release|ARM
		{97877169-E347-4BE8-ABB0-3C1781DF6ACF}.Release|ARM.Build.0 = Release|ARM
		{97877169-E347-4BE8-ABB0-3C1781DF6ACF}.Release|ARM.Deploy.0 = Release|ARM
		{97877169-E347-4BE8-ABB0-3C1781DF6ACF}.Release|ARM64.ActiveCfg = Release|ARM64
		{97877169-E347-4BE8-ABB0-3C1781DF6ACF}.Release|ARM64.Build.0 = Release|ARM64
		{97877169-E347-4BE8-ABB0-3C1781DF6ACF}.Release|ARM64.Deploy.0 = Release|ARM64
		{97877169-E347-4BE8-ABB0-3C1781DF6ACF}.Release|x64.ActiveCfg = Release|x64
		{97877169-E347-4BE8-ABB0-3C1781DF6ACF}.Release|x64.Build.0 = Release|x64
		{97877169-E347-4BE8-ABB0-3C1781DF6ACF}.Release|x64.Deploy.0 = Release|x64
		{97877169-E347-4BE8-ABB0-3C1781DF6ACF}.Release|x86.ActiveCfg = Release|Win32
		{97877169-E347-4BE8-ABB0-3C1781DF6ACF}.Release|x86.Build.0 = Release|Win32
		{97877169-E347-4BE8-ABB0-3C1781DF6ACF}.Release|x86.Deploy.0 = Release|Win32
	EndGlobalSection
	GlobalSection(SolutionProperties) = preSolution
		HideSolutionNode = FALSE
	EndGlobalSection
	GlobalSection(ExtensibilityGlobals) = postSolution
		SolutionGuid = {2F5706AF-AD87-4ED7-8CB3-4730BCB7E3BE}
	EndGlobalSection
EndGlobal
